github.com/emicklei/proto v1.14.3 h1:zEhlzNkpP8kN6utonKMzlPfIvy82t5Kb9mufaJxSe1Q=
github.com/emicklei/proto v1.14.3/go.mod h1:rn1FgRS/FANiZdD2djyH7TMA9jdRDcYQ9IEN9yvjX0A=
github.com/google/go-cmp v0.7.0 h1:wk8382ETsv4JYUZwIsn6YpYiWiBsYLSJiTsyBybVuN8=
github.com/google/go-cmp v0.7.0/go.mod h1:pXiqmnSA92OHEEa9HXL2W4E7lf9JzCmGVUdgjX3N/iU=
github.com/logrusorgru/aurora v2.0.3+incompatible h1:tOpm7WcpBTn4fjmVfgpQq0EfczGlG91VSDkswnjF5A8=
github.com/logrusorgru/aurora v2.0.3+incompatible/go.mod h1:7rIyQOR62GCctdiQpZ/zOJlFyk6y+94wXzv6RNZgaR4=
github.com/norma-core/norma-core/shared/gremlin_go v0.0.0-20260408134250-b96ef1c74588 h1:aOhtrwMHS5exP7FcLeLaXuBT+6dlvxY80FJVRfOTa6g=
github.com/norma-core/norma-core/shared/gremlin_go v0.0.0-20260408134250-b96ef1c74588/go.mod h1:GjIWNraGOkatJCiWYLIdI8VWkf1uSZWJJP8cSbQQhg8=
